# THIS IS AN AUTOGENERATED FILE. DO NOT EDIT THIS FILE DIRECTLY.
# yarn lockfile v1


"@types/prop-types@*":
  version "15.7.4"
  resolved "https://registry.nlark.com/@types/prop-types/download/@types/prop-types-15.7.4.tgz?cache=0&sync_timestamp=1629708829833&other_urls=https%3A%2F%2Fregistry.nlark.com%2F%40types%2Fprop-types%2Fdownload%2F%40types%2Fprop-types-15.7.4.tgz#fcf7205c25dff795ee79af1e30da2c9790808f11"
  integrity sha1-/PcgXCXf95Xuea8eMNosl5CAjxE=

"@types/react@^17.0.20":
  version "17.0.20"
  resolved "https://registry.nlark.com/@types/react/download/@types/react-17.0.20.tgz#a4284b184d47975c71658cd69e759b6bd37c3b8c"
  integrity sha1-pChLGE1Hl1xxZYzWnnWba9N8O4w=
  dependencies:
    "@types/prop-types" "*"
    "@types/scheduler" "*"
    csstype "^3.0.2"

"@types/scheduler@*":
  version "0.16.2"
  resolved "https://registry.nlark.com/@types/scheduler/download/@types/scheduler-0.16.2.tgz?cache=0&sync_timestamp=1629709152024&other_urls=https%3A%2F%2Fregistry.nlark.com%2F%40types%2Fscheduler%2Fdownload%2F%40types%2Fscheduler-0.16.2.tgz#1a62f89525723dde24ba1b01b092bf5df8ad4d39"
  integrity sha1-GmL4lSVyPd4kuhsBsJK/XfitTTk=

csstype@^3.0.2:
  version "3.0.8"
  resolved "https://registry.nlark.com/csstype/download/csstype-3.0.8.tgz#d2266a792729fb227cd216fb572f43728e1ad340"
  integrity sha1-0iZqeScp+yJ80hb7Vy9Dco4a00A=

typescript@^4.4.2:
  version "4.4.2"
  resolved "https://registry.nlark.com/typescript/download/typescript-4.4.2.tgz?cache=0&sync_timestamp=1630999312832&other_urls=https%3A%2F%2Fregistry.nlark.com%2Ftypescript%2Fdownload%2Ftypescript-4.4.2.tgz#6d618640d430e3569a1dfb44f7d7e600ced3ee86"
  integrity sha1-bWGGQNQw41aaHftE99fmAM7T7oY=
